
Microsoft Visual Studio Solution File, Format Version 12.00
# Visual Studio Version 17
VisualStudioVersion = 17.11.35219.272
MinimumVisualStudioVersion = 10.0.40219.1
Project("{FAE04EC0-301F-11D3-BF4B-00C04F79EFBC}") = "PhoneParser", "PhoneParser\PhoneParser.csproj", "{9284DD9F-7F81-4926-9798-0A551AB071FF}"
EndProject
Project("{2150E333-8FDC-42A3-9474-1A3956D46DE8}") = "src", "src", "{5947D444-12D9-4401-BDCD-41650216FE5B}"
EndProject
Project("{FAE04EC0-301F-11D3-BF4B-00C04F79EFBC}") = "PhoneParserTest", "..\..\test\PhoneParserTest\PhoneParserTest.csproj", "{7496095F-F529-4858-A3C7-B7CA86AC9691}"
EndProject
Project("{2150E333-8FDC-42A3-9474-1A3956D46DE8}") = "test", "test", "{9D5EA29F-AD7B-40EE-AFC8-21FE190671D6}"
EndProject
Global
	GlobalSection(SolutionConfigurationPlatforms) = preSolution
		Debug|Any CPU = Debug|Any CPU
		Release|Any CPU = Release|Any CPU
	EndGlobalSection
	GlobalSection(ProjectConfigurationPlatforms) = postSolution
		{9284DD9F-7F81-4926-9798-0A551AB071FF}.Debug|Any CPU.ActiveCfg = Debug|Any CPU
		{9284DD9F-7F81-4926-9798-0A551AB071FF}.Debug|Any CPU.Build.0 = Debug|Any CPU
		{9284DD9F-7F81-4926-9798-0A551AB071FF}.Release|Any CPU.ActiveCfg = Release|Any CPU
		{9284DD9F-7F81-4926-9798-0A551AB071FF}.Release|Any CPU.Build.0 = Release|Any CPU
		{7496095F-F529-4858-A3C7-B7CA86AC9691}.Debug|Any CPU.ActiveCfg = Debug|Any CPU
		{7496095F-F529-4858-A3C7-B7CA86AC9691}.Debug|Any CPU.Build.0 = Debug|Any CPU
		{7496095F-F529-4858-A3C7-B7CA86AC9691}.Release|Any CPU.ActiveCfg = Release|Any CPU
		{7496095F-F529-4858-A3C7-B7CA86AC9691}.Release|Any CPU.Build.0 = Release|Any CPU
	EndGlobalSection
	GlobalSection(SolutionProperties) = preSolution
		HideSolutionNode = FALSE
	EndGlobalSection
	GlobalSection(NestedProjects) = preSolution
		{9284DD9F-7F81-4926-9798-0A551AB071FF} = {5947D444-12D9-4401-BDCD-41650216FE5B}
		{7496095F-F529-4858-A3C7-B7CA86AC9691} = {9D5EA29F-AD7B-40EE-AFC8-21FE190671D6}
	EndGlobalSection
	GlobalSection(ExtensibilityGlobals) = postSolution
		SolutionGuid = {6C6EB530-AD78-4997-AE41-E50E01FDEFA5}
	EndGlobalSection
EndGlobal
